
Microsoft Visual Studio Solution File, Format Version 12.00
# Visual Studio Version 16
VisualStudioVersion = 16.0.31729.503
MinimumVisualStudioVersion = 10.0.40219.1
Project("{FAE04EC0-301F-11D3-BF4B-00C04F79EFBC}") = "Practica2_Certi", "Practica2_Certi\Practica2_Certi.csproj", "{3C4CF278-9DFE-49BF-8177-5BB0FDE4C61B}"
EndProject
Project("{FAE04EC0-301F-11D3-BF4B-00C04F79EFBC}") = "Logic", "Logic\Logic.csproj", "{0269E957-03FC-4A4F-B672-1443EF87EA5E}"
EndProject
Global
	GlobalSection(SolutionConfigurationPlatforms) = preSolution
		Debug|Any CPU = Debug|Any CPU
		Release|Any CPU = Release|Any CPU
	EndGlobalSection
	GlobalSection(ProjectConfigurationPlatforms) = postSolution
		{3C4CF278-9DFE-49BF-8177-5BB0FDE4C61B}.Debug|Any CPU.ActiveCfg = Debug|Any CPU
		{3C4CF278-9DFE-49BF-8177-5BB0FDE4C61B}.Debug|Any CPU.Build.0 = Debug|Any CPU
		{3C4CF278-9DFE-49BF-8177-5BB0FDE4C61B}.Release|Any CPU.ActiveCfg = Release|Any CPU
		{3C4CF278-9DFE-49BF-8177-5BB0FDE4C61B}.Release|Any CPU.Build.0 = Release|Any CPU
		{0269E957-03FC-4A4F-B672-1443EF87EA5E}.Debug|Any CPU.ActiveCfg = Debug|Any CPU
		{0269E957-03FC-4A4F-B672-1443EF87EA5E}.Debug|Any CPU.Build.0 = Debug|Any CPU
		{0269E957-03FC-4A4F-B672-1443EF87EA5E}.Release|Any CPU.ActiveCfg = Release|Any CPU
		{0269E957-03FC-4A4F-B672-1443EF87EA5E}.Release|Any CPU.Build.0 = Release|Any CPU
	EndGlobalSection
	GlobalSection(SolutionProperties) = preSolution
		HideSolutionNode = FALSE
	EndGlobalSection
	GlobalSection(ExtensibilityGlobals) = postSolution
		SolutionGuid = {C6844A76-D1BC-4613-AA8E-4E89941DDE4E}
	EndGlobalSection
EndGlobal
